
Microsoft Visual Studio Solution File, Format Version 12.00
# Visual Studio Version 17
VisualStudioVersion = 17.13.35919.96 d17.13
MinimumVisualStudioVersion = 10.0.40219.1
Project("{FAE04EC0-301F-11D3-BF4B-00C04F79EFBC}") = "PTC1_Temperature_Cycle", "PTC1_Temperature_Cycle\PTC1_Temperature_Cycle.csproj", "{2F49897F-B17D-498E-A1EE-448FBB9C9033}"
EndProject
Global
	GlobalSection(SolutionConfigurationPlatforms) = preSolution
		Debug|Any CPU = Debug|Any CPU
		Release|Any CPU = Release|Any CPU
	EndGlobalSection
	GlobalSection(ProjectConfigurationPlatforms) = postSolution
		{2F49897F-B17D-498E-A1EE-448FBB9C9033}.Debug|Any CPU.ActiveCfg = Debug|Any CPU
		{2F49897F-B17D-498E-A1EE-448FBB9C9033}.Debug|Any CPU.Build.0 = Debug|Any CPU
		{2F49897F-B17D-498E-A1EE-448FBB9C9033}.Release|Any CPU.ActiveCfg = Release|Any CPU
		{2F49897F-B17D-498E-A1EE-448FBB9C9033}.Release|Any CPU.Build.0 = Release|Any CPU
	EndGlobalSection
	GlobalSection(SolutionProperties) = preSolution
		HideSolutionNode = FALSE
	EndGlobalSection
	GlobalSection(ExtensibilityGlobals) = postSolution
		SolutionGuid = {A2DFA223-82AF-4232-9D39-2D8840721996}
	EndGlobalSection
EndGlobal
