
Microsoft Visual Studio Solution File, Format Version 12.00
# Visual Studio Version 17
VisualStudioVersion = 17.4.33213.308
MinimumVisualStudioVersion = 10.0.40219.1
Project("{FAE04EC0-301F-11D3-BF4B-00C04F79EFBC}") = "ITC4000", "ITC4000\ITC4000.csproj", "{BD42FA86-A00E-431A-A2E0-BE9A3BCB12C9}"
EndProject
Global
	GlobalSection(SolutionConfigurationPlatforms) = preSolution
		Debug|Any CPU = Debug|Any CPU
		Release|Any CPU = Release|Any CPU
	EndGlobalSection
	GlobalSection(ProjectConfigurationPlatforms) = postSolution
		{BD42FA86-A00E-431A-A2E0-BE9A3BCB12C9}.Debug|Any CPU.ActiveCfg = Debug|Any CPU
		{BD42FA86-A00E-431A-A2E0-BE9A3BCB12C9}.Debug|Any CPU.Build.0 = Debug|Any CPU
		{BD42FA86-A00E-431A-A2E0-BE9A3BCB12C9}.Release|Any CPU.ActiveCfg = Release|Any CPU
		{BD42FA86-A00E-431A-A2E0-BE9A3BCB12C9}.Release|Any CPU.Build.0 = Release|Any CPU
	EndGlobalSection
	GlobalSection(SolutionProperties) = preSolution
		HideSolutionNode = FALSE
	EndGlobalSection
	GlobalSection(ExtensibilityGlobals) = postSolution
		SolutionGuid = {A466C7E5-A832-4517-8311-D1E2A85F76E2}
	EndGlobalSection
EndGlobal
