
Microsoft Visual Studio Solution File, Format Version 12.00
# Visual Studio Version 16
VisualStudioVersion = 16.0.32802.440
MinimumVisualStudioVersion = 10.0.40219.1
Project("{FAE04EC0-301F-11D3-BF4B-00C04F79EFBC}") = "PT1C_Temperature_Cycle", "PT1C_Temperature_Cycle\PT1C_Temperature_Cycle.csproj", "{2F49897F-B17D-498E-A1EE-448FBB9C9033}"
EndProject
Global
	GlobalSection(SolutionConfigurationPlatforms) = preSolution
		Debug|Any CPU = Debug|Any CPU
		Release|Any CPU = Release|Any CPU
	EndGlobalSection
	GlobalSection(ProjectConfigurationPlatforms) = postSolution
		{2F49897F-B17D-498E-A1EE-448FBB9C9033}.Debug|Any CPU.ActiveCfg = Debug|Any CPU
		{2F49897F-B17D-498E-A1EE-448FBB9C9033}.Debug|Any CPU.Build.0 = Debug|Any CPU
		{2F49897F-B17D-498E-A1EE-448FBB9C9033}.Release|Any CPU.ActiveCfg = Release|Any CPU
		{2F49897F-B17D-498E-A1EE-448FBB9C9033}.Release|Any CPU.Build.0 = Release|Any CPU
	EndGlobalSection
	GlobalSection(SolutionProperties) = preSolution
		HideSolutionNode = FALSE
	EndGlobalSection
	GlobalSection(ExtensibilityGlobals) = postSolution
		SolutionGuid = {77B72E35-968D-4235-94F6-D8FBC34AD25C}
	EndGlobalSection
EndGlobal
