
Microsoft Visual Studio Solution File, Format Version 12.00
# Visual Studio Version 17
VisualStudioVersion = 17.1.32407.343
MinimumVisualStudioVersion = 10.0.40219.1
Project("{FAE04EC0-301F-11D3-BF4B-00C04F79EFBC}") = "TSP_Read_All_Available_Data", "TSP_Read_All_Available_Data\TSP_Read_All_Available_Data.csproj", "{BF9AFAEA-73C7-4D78-B726-740F1E053FF0}"
EndProject
Global
	GlobalSection(SolutionConfigurationPlatforms) = preSolution
		Debug|Any CPU = Debug|Any CPU
		Release|Any CPU = Release|Any CPU
	EndGlobalSection
	GlobalSection(ProjectConfigurationPlatforms) = postSolution
		{BF9AFAEA-73C7-4D78-B726-740F1E053FF0}.Debug|Any CPU.ActiveCfg = Debug|Any CPU
		{BF9AFAEA-73C7-4D78-B726-740F1E053FF0}.Debug|Any CPU.Build.0 = Debug|Any CPU
		{BF9AFAEA-73C7-4D78-B726-740F1E053FF0}.Release|Any CPU.ActiveCfg = Release|Any CPU
		{BF9AFAEA-73C7-4D78-B726-740F1E053FF0}.Release|Any CPU.Build.0 = Release|Any CPU
	EndGlobalSection
	GlobalSection(SolutionProperties) = preSolution
		HideSolutionNode = FALSE
	EndGlobalSection
	GlobalSection(ExtensibilityGlobals) = postSolution
		SolutionGuid = {5D90EB60-9F4B-4B12-B017-124D9DC5D6CB}
	EndGlobalSection
EndGlobal
