
Microsoft Visual Studio Solution File, Format Version 12.00
# Visual Studio Version 17
VisualStudioVersion = 17.4.33205.214
MinimumVisualStudioVersion = 10.0.40219.1
Project("{FAE04EC0-301F-11D3-BF4B-00C04F79EFBC}") = "TED4015", "TED4015\TED4015.csproj", "{56D299C0-4041-46E5-AA9B-9E3BDE5A0245}"
EndProject
Global
	GlobalSection(SolutionConfigurationPlatforms) = preSolution
		Debug|Any CPU = Debug|Any CPU
		Release|Any CPU = Release|Any CPU
	EndGlobalSection
	GlobalSection(ProjectConfigurationPlatforms) = postSolution
		{56D299C0-4041-46E5-AA9B-9E3BDE5A0245}.Debug|Any CPU.ActiveCfg = Debug|Any CPU
		{56D299C0-4041-46E5-AA9B-9E3BDE5A0245}.Debug|Any CPU.Build.0 = Debug|Any CPU
		{56D299C0-4041-46E5-AA9B-9E3BDE5A0245}.Release|Any CPU.ActiveCfg = Release|Any CPU
		{56D299C0-4041-46E5-AA9B-9E3BDE5A0245}.Release|Any CPU.Build.0 = Release|Any CPU
	EndGlobalSection
	GlobalSection(SolutionProperties) = preSolution
		HideSolutionNode = FALSE
	EndGlobalSection
	GlobalSection(ExtensibilityGlobals) = postSolution
		SolutionGuid = {220A3D58-D16B-4EF4-9B33-D29332D18048}
	EndGlobalSection
EndGlobal
